PODS:
  - Flutter (1.0.0)
  - plain_notification_token (0.0.1):
    - Flutter

DEPENDENCIES:
  - Flutter (from `Flutter`)
  - plain_notification_token (from `.symlinks/plugins/plain_notification_token/ios`)

EXTERNAL SOURCES:
  Flutter:
    :path: Flutter
  plain_notification_token:
    :path: ".symlinks/plugins/plain_notification_token/ios"

SPEC CHECKSUMS:
  Flutter: f04841e97a9d0b0a8025694d0796dd46242b2854
  plain_notification_token: 031371a972e66396cc6d3200b90c6f8a42e7e171

PODFILE CHECKSUM: 663715e941f9adb426e33bf9376914006f9ea95b

COCOAPODS: 1.12.1
